
Microsoft Visual Studio Solution File, Format Version 12.00
# Visual Studio Version 17
VisualStudioVersion = 17.7.34031.279
MinimumVisualStudioVersion = 10.0.40219.1
Project("{FAE04EC0-301F-11D3-BF4B-00C04F79EFBC}") = "Klasy304", "Klasy304\Klasy304.csproj", "{5CD9AEAC-ED14-4BBD-B2E9-8856CC94DB3E}"
EndProject
Global
	GlobalSection(SolutionConfigurationPlatforms) = preSolution
		Debug|Any CPU = Debug|Any CPU
		Release|Any CPU = Release|Any CPU
	EndGlobalSection
	GlobalSection(ProjectConfigurationPlatforms) = postSolution
		{5CD9AEAC-ED14-4BBD-B2E9-8856CC94DB3E}.Debug|Any CPU.ActiveCfg = Debug|Any CPU
		{5CD9AEAC-ED14-4BBD-B2E9-8856CC94DB3E}.Debug|Any CPU.Build.0 = Debug|Any CPU
		{5CD9AEAC-ED14-4BBD-B2E9-8856CC94DB3E}.Release|Any CPU.ActiveCfg = Release|Any CPU
		{5CD9AEAC-ED14-4BBD-B2E9-8856CC94DB3E}.Release|Any CPU.Build.0 = Release|Any CPU
	EndGlobalSection
	GlobalSection(SolutionProperties) = preSolution
		HideSolutionNode = FALSE
	EndGlobalSection
	GlobalSection(ExtensibilityGlobals) = postSolution
		SolutionGuid = {4AF2F5F4-8EAD-4A5F-B4EA-2C6C1C33E591}
	EndGlobalSection
EndGlobal
