
Microsoft Visual Studio Solution File, Format Version 12.00
# Visual Studio Version 17
VisualStudioVersion = 17.7.34031.279
MinimumVisualStudioVersion = 10.0.40219.1
Project("{FAE04EC0-301F-11D3-BF4B-00C04F79EFBC}") = "dwieTalie418", "dwieTalie418\dwieTalie418.csproj", "{3EE56C1E-1FFA-47CA-8BAB-708A974A0CDF}"
EndProject
Global
	GlobalSection(SolutionConfigurationPlatforms) = preSolution
		Debug|Any CPU = Debug|Any CPU
		Release|Any CPU = Release|Any CPU
	EndGlobalSection
	GlobalSection(ProjectConfigurationPlatforms) = postSolution
		{3EE56C1E-1FFA-47CA-8BAB-708A974A0CDF}.Debug|Any CPU.ActiveCfg = Debug|Any CPU
		{3EE56C1E-1FFA-47CA-8BAB-708A974A0CDF}.Debug|Any CPU.Build.0 = Debug|Any CPU
		{3EE56C1E-1FFA-47CA-8BAB-708A974A0CDF}.Release|Any CPU.ActiveCfg = Release|Any CPU
		{3EE56C1E-1FFA-47CA-8BAB-708A974A0CDF}.Release|Any CPU.Build.0 = Release|Any CPU
	EndGlobalSection
	GlobalSection(SolutionProperties) = preSolution
		HideSolutionNode = FALSE
	EndGlobalSection
	GlobalSection(ExtensibilityGlobals) = postSolution
		SolutionGuid = {F271A6DB-95DB-4721-B75D-CBDCF4A16735}
	EndGlobalSection
EndGlobal
