
Microsoft Visual Studio Solution File, Format Version 12.00
# Visual Studio Version 17
VisualStudioVersion = 17.7.34031.279
MinimumVisualStudioVersion = 10.0.40219.1
Project("{FAE04EC0-301F-11D3-BF4B-00C04F79EFBC}") = "ryby424", "ryby424\ryby424.csproj", "{7907950A-C1CE-40A5-8BD0-BEAECA143AC2}"
EndProject
Global
	GlobalSection(SolutionConfigurationPlatforms) = preSolution
		Debug|Any CPU = Debug|Any CPU
		Release|Any CPU = Release|Any CPU
	EndGlobalSection
	GlobalSection(ProjectConfigurationPlatforms) = postSolution
		{7907950A-C1CE-40A5-8BD0-BEAECA143AC2}.Debug|Any CPU.ActiveCfg = Debug|Any CPU
		{7907950A-C1CE-40A5-8BD0-BEAECA143AC2}.Debug|Any CPU.Build.0 = Debug|Any CPU
		{7907950A-C1CE-40A5-8BD0-BEAECA143AC2}.Release|Any CPU.ActiveCfg = Release|Any CPU
		{7907950A-C1CE-40A5-8BD0-BEAECA143AC2}.Release|Any CPU.Build.0 = Release|Any CPU
	EndGlobalSection
	GlobalSection(SolutionProperties) = preSolution
		HideSolutionNode = FALSE
	EndGlobalSection
	GlobalSection(ExtensibilityGlobals) = postSolution
		SolutionGuid = {1B75BFC8-6C57-4850-90A1-9CE6399FE33E}
	EndGlobalSection
EndGlobal
