
Microsoft Visual Studio Solution File, Format Version 12.00
# Visual Studio Version 17
VisualStudioVersion = 17.7.34031.279
MinimumVisualStudioVersion = 10.0.40219.1
Project("{FAE04EC0-301F-11D3-BF4B-00C04F79EFBC}") = "wymówki464", "wymówki464\wymówki464.csproj", "{DADE731D-B16C-4903-8571-3D6A453E200D}"
EndProject
Global
	GlobalSection(SolutionConfigurationPlatforms) = preSolution
		Debug|Any CPU = Debug|Any CPU
		Release|Any CPU = Release|Any CPU
	EndGlobalSection
	GlobalSection(ProjectConfigurationPlatforms) = postSolution
		{DADE731D-B16C-4903-8571-3D6A453E200D}.Debug|Any CPU.ActiveCfg = Debug|Any CPU
		{DADE731D-B16C-4903-8571-3D6A453E200D}.Debug|Any CPU.Build.0 = Debug|Any CPU
		{DADE731D-B16C-4903-8571-3D6A453E200D}.Release|Any CPU.ActiveCfg = Release|Any CPU
		{DADE731D-B16C-4903-8571-3D6A453E200D}.Release|Any CPU.Build.0 = Release|Any CPU
	EndGlobalSection
	GlobalSection(SolutionProperties) = preSolution
		HideSolutionNode = FALSE
	EndGlobalSection
	GlobalSection(ExtensibilityGlobals) = postSolution
		SolutionGuid = {D8E62A3C-26CA-46AC-8895-B2C0768355EF}
	EndGlobalSection
EndGlobal
