
Microsoft Visual Studio Solution File, Format Version 12.00
# Visual Studio Version 17
VisualStudioVersion = 17.7.34031.279
MinimumVisualStudioVersion = 10.0.40219.1
Project("{FAE04EC0-301F-11D3-BF4B-00C04F79EFBC}") = "interfejsy336", "interfejsy336\interfejsy336.csproj", "{D774A43F-788D-408A-A445-94E49388A3B1}"
EndProject
Global
	GlobalSection(SolutionConfigurationPlatforms) = preSolution
		Debug|Any CPU = Debug|Any CPU
		Release|Any CPU = Release|Any CPU
	EndGlobalSection
	GlobalSection(ProjectConfigurationPlatforms) = postSolution
		{D774A43F-788D-408A-A445-94E49388A3B1}.Debug|Any CPU.ActiveCfg = Debug|Any CPU
		{D774A43F-788D-408A-A445-94E49388A3B1}.Debug|Any CPU.Build.0 = Debug|Any CPU
		{D774A43F-788D-408A-A445-94E49388A3B1}.Release|Any CPU.ActiveCfg = Release|Any CPU
		{D774A43F-788D-408A-A445-94E49388A3B1}.Release|Any CPU.Build.0 = Release|Any CPU
	EndGlobalSection
	GlobalSection(SolutionProperties) = preSolution
		HideSolutionNode = FALSE
	EndGlobalSection
	GlobalSection(ExtensibilityGlobals) = postSolution
		SolutionGuid = {30697568-32ED-4F49-99E9-35F26C5E130D}
	EndGlobalSection
EndGlobal
