
Microsoft Visual Studio Solution File, Format Version 12.00
# Visual Studio Version 17
VisualStudioVersion = 17.7.34031.279
MinimumVisualStudioVersion = 10.0.40219.1
Project("{FAE04EC0-301F-11D3-BF4B-00C04F79EFBC}") = "kaczki403", "kaczki403\kaczki403.csproj", "{53466C5B-D717-48E4-81DF-CA1BE7835C3A}"
EndProject
Global
	GlobalSection(SolutionConfigurationPlatforms) = preSolution
		Debug|Any CPU = Debug|Any CPU
		Release|Any CPU = Release|Any CPU
	EndGlobalSection
	GlobalSection(ProjectConfigurationPlatforms) = postSolution
		{53466C5B-D717-48E4-81DF-CA1BE7835C3A}.Debug|Any CPU.ActiveCfg = Debug|Any CPU
		{53466C5B-D717-48E4-81DF-CA1BE7835C3A}.Debug|Any CPU.Build.0 = Debug|Any CPU
		{53466C5B-D717-48E4-81DF-CA1BE7835C3A}.Release|Any CPU.ActiveCfg = Release|Any CPU
		{53466C5B-D717-48E4-81DF-CA1BE7835C3A}.Release|Any CPU.Build.0 = Release|Any CPU
	EndGlobalSection
	GlobalSection(SolutionProperties) = preSolution
		HideSolutionNode = FALSE
	EndGlobalSection
	GlobalSection(ExtensibilityGlobals) = postSolution
		SolutionGuid = {0C9C4885-04B8-41BF-B553-89A464EC8014}
	EndGlobalSection
EndGlobal
